
Microsoft Visual Studio Solution File, Format Version 12.00
# Visual Studio Version 16
VisualStudioVersion = 16.0.31229.75
MinimumVisualStudioVersion = 10.0.40219.1
Project("{FAE04EC0-301F-11D3-BF4B-00C04F79EFBC}") = "ExercicioLinqFixacao", "ExercicioLinqFixacao\ExercicioLinqFixacao.csproj", "{006910B9-9F11-44BE-A572-40DB7B18C78C}"
EndProject
Global
	GlobalSection(SolutionConfigurationPlatforms) = preSolution
		Debug|Any CPU = Debug|Any CPU
		Release|Any CPU = Release|Any CPU
	EndGlobalSection
	GlobalSection(ProjectConfigurationPlatforms) = postSolution
		{006910B9-9F11-44BE-A572-40DB7B18C78C}.Debug|Any CPU.ActiveCfg = Debug|Any CPU
		{006910B9-9F11-44BE-A572-40DB7B18C78C}.Debug|Any CPU.Build.0 = Debug|Any CPU
		{006910B9-9F11-44BE-A572-40DB7B18C78C}.Release|Any CPU.ActiveCfg = Release|Any CPU
		{006910B9-9F11-44BE-A572-40DB7B18C78C}.Release|Any CPU.Build.0 = Release|Any CPU
	EndGlobalSection
	GlobalSection(SolutionProperties) = preSolution
		HideSolutionNode = FALSE
	EndGlobalSection
	GlobalSection(ExtensibilityGlobals) = postSolution
		SolutionGuid = {696A7EDB-F317-49E7-961F-ABBFE3B8BF2D}
	EndGlobalSection
EndGlobal
